
Microsoft Visual Studio Solution File, Format Version 12.00
# Visual Studio Version 17
VisualStudioVersion = 17.9.34622.214
MinimumVisualStudioVersion = 10.0.40219.1
Project("{FAE04EC0-301F-11D3-BF4B-00C04F79EFBC}") = "Teste_Planetun.Server", "Teste_Planetun.Server\Teste_Planetun.Server.csproj", "{8DC09640-873A-4B23-A281-72BE2CAF4A8B}"
EndProject
Project("{54A90642-561A-4BB1-A94E-469ADEE60C69}") = "teste_planetun.client", "teste_planetun.client\teste_planetun.client.esproj", "{302A180D-BC7A-4390-8032-9A46D37039AB}"
EndProject
Global
	GlobalSection(SolutionConfigurationPlatforms) = preSolution
		Debug|Any CPU = Debug|Any CPU
		Release|Any CPU = Release|Any CPU
	EndGlobalSection
	GlobalSection(ProjectConfigurationPlatforms) = postSolution
		{8DC09640-873A-4B23-A281-72BE2CAF4A8B}.Debug|Any CPU.ActiveCfg = Debug|Any CPU
		{8DC09640-873A-4B23-A281-72BE2CAF4A8B}.Debug|Any CPU.Build.0 = Debug|Any CPU
		{8DC09640-873A-4B23-A281-72BE2CAF4A8B}.Release|Any CPU.ActiveCfg = Release|Any CPU
		{8DC09640-873A-4B23-A281-72BE2CAF4A8B}.Release|Any CPU.Build.0 = Release|Any CPU
		{302A180D-BC7A-4390-8032-9A46D37039AB}.Debug|Any CPU.ActiveCfg = Debug|Any CPU
		{302A180D-BC7A-4390-8032-9A46D37039AB}.Debug|Any CPU.Build.0 = Debug|Any CPU
		{302A180D-BC7A-4390-8032-9A46D37039AB}.Debug|Any CPU.Deploy.0 = Debug|Any CPU
		{302A180D-BC7A-4390-8032-9A46D37039AB}.Release|Any CPU.ActiveCfg = Release|Any CPU
		{302A180D-BC7A-4390-8032-9A46D37039AB}.Release|Any CPU.Build.0 = Release|Any CPU
		{302A180D-BC7A-4390-8032-9A46D37039AB}.Release|Any CPU.Deploy.0 = Release|Any CPU
	EndGlobalSection
	GlobalSection(SolutionProperties) = preSolution
		HideSolutionNode = FALSE
	EndGlobalSection
	GlobalSection(ExtensibilityGlobals) = postSolution
		SolutionGuid = {05997683-EA0E-4FA7-BE30-907008B7B8BF}
	EndGlobalSection
EndGlobal
